
Microsoft Visual Studio Solution File, Format Version 12.00
# Visual Studio Version 17
VisualStudioVersion = 17.8.34330.188
MinimumVisualStudioVersion = 10.0.40219.1
Project("{FAE04EC0-301F-11D3-BF4B-00C04F79EFBC}") = "Week8EpicGame", "Week8EpicGame\Week8EpicGame.csproj", "{C3134592-49AC-4130-8406-E23E15DA8237}"
EndProject
Global
	GlobalSection(SolutionConfigurationPlatforms) = preSolution
		Debug|Any CPU = Debug|Any CPU
		Release|Any CPU = Release|Any CPU
	EndGlobalSection
	GlobalSection(ProjectConfigurationPlatforms) = postSolution
		{C3134592-49AC-4130-8406-E23E15DA8237}.Debug|Any CPU.ActiveCfg = Debug|Any CPU
		{C3134592-49AC-4130-8406-E23E15DA8237}.Debug|Any CPU.Build.0 = Debug|Any CPU
		{C3134592-49AC-4130-8406-E23E15DA8237}.Release|Any CPU.ActiveCfg = Release|Any CPU
		{C3134592-49AC-4130-8406-E23E15DA8237}.Release|Any CPU.Build.0 = Release|Any CPU
	EndGlobalSection
	GlobalSection(SolutionProperties) = preSolution
		HideSolutionNode = FALSE
	EndGlobalSection
	GlobalSection(ExtensibilityGlobals) = postSolution
		SolutionGuid = {FDB11806-6A11-457C-A24D-82E2472A26BB}
	EndGlobalSection
EndGlobal
